
Microsoft Visual Studio Solution File, Format Version 12.00
# Visual Studio Version 17
VisualStudioVersion = 17.10.35013.160
MinimumVisualStudioVersion = 10.0.40219.1
Project("{FAE04EC0-301F-11D3-BF4B-00C04F79EFBC}") = "JsonCompare", "JsonCompare\JsonCompare.csproj", "{453E6AFA-FBD1-4134-8138-7EB60C1AA5A0}"
EndProject
Global
	GlobalSection(SolutionConfigurationPlatforms) = preSolution
		Debug|Any CPU = Debug|Any CPU
		Release|Any CPU = Release|Any CPU
	EndGlobalSection
	GlobalSection(ProjectConfigurationPlatforms) = postSolution
		{453E6AFA-FBD1-4134-8138-7EB60C1AA5A0}.Debug|Any CPU.ActiveCfg = Debug|Any CPU
		{453E6AFA-FBD1-4134-8138-7EB60C1AA5A0}.Debug|Any CPU.Build.0 = Debug|Any CPU
		{453E6AFA-FBD1-4134-8138-7EB60C1AA5A0}.Release|Any CPU.ActiveCfg = Release|Any CPU
		{453E6AFA-FBD1-4134-8138-7EB60C1AA5A0}.Release|Any CPU.Build.0 = Release|Any CPU
	EndGlobalSection
	GlobalSection(SolutionProperties) = preSolution
		HideSolutionNode = FALSE
	EndGlobalSection
	GlobalSection(ExtensibilityGlobals) = postSolution
		SolutionGuid = {89B0017F-4DE0-44D3-B595-8E4C02F48C2E}
	EndGlobalSection
EndGlobal
